// !$*UTF8*$!
{
	archiveVersion = 1;
	classes = {
	};
	objectVersion = 48;
	objects = {

/* Begin PBXBuildFile section */
		1130A4301F8B7F98003A279C /* MenuController.swift in Sources */ = {isa = PBXBuildFile; fileRef = 1130A42F1F8B7F98003A279C /* MenuController.swift */; };
		115375BE1F852A7600ABF393 /* GoogleService-Info.plist in Resources */ = {isa = PBXBuildFile; fileRef = 115375BD1F852A7600ABF393 /* GoogleService-Info.plist */; };
		1164AD7E1F83EA57006D00DE /* AppDelegate.swift in Sources */ = {isa = PBXBuildFile; fileRef = 1164AD7D1F83EA57006D00DE /* AppDelegate.swift */; };
		1164AD801F83EA57006D00DE /* ViewController.swift in Sources */ = {isa = PBXBuildFile; fileRef = 1164AD7F1F83EA57006D00DE /* ViewController.swift */; };
		1164AD831F83EA57006D00DE /* Main.storyboard in Resources */ = {isa = PBXBuildFile; fileRef = 1164AD811F83EA57006D00DE /* Main.storyboard */; };
		1164AD851F83EA57006D00DE /* Assets.xcassets in Resources */ = {isa = PBXBuildFile; fileRef = 1164AD841F83EA57006D00DE /* Assets.xcassets */; };
		1164AD881F83EA57006D00DE /* LaunchScreen.storyboard in Resources */ = {isa = PBXBuildFile; fileRef = 1164AD861F83EA57006D00DE /* LaunchScreen.storyboard */; };
		117E9BE21F912F2D00BFEF59 /* PasswordController.swift in Sources */ = {isa = PBXBuildFile; fileRef = 117E9BE11F912F2D00BFEF59 /* PasswordController.swift */; };
		11BE11A11F8CD46900006802 /* RegisterController.swift in Sources */ = {isa = PBXBuildFile; fileRef = 11BE11A01F8CD46900006802 /* RegisterController.swift */; };
		74E52295D799A9D797E962B0 /* Pods_test.framework in Frameworks */ = {isa = PBXBuildFile; fileRef = ACF55275C1AC252C770F322E /* Pods_test.framework */; };
/* End PBXBuildFile section */

/* Begin PBXFileReference section */
		0E8F9319A0AA262514C70812 /* Pods-test.debug.xcconfig */ = {isa = PBXFileReference; includeInIndex = 1; lastKnownFileType = text.xcconfig; name = "Pods-test.debug.xcconfig"; path = "Pods/Target Support Files/Pods-test/Pods-test.debug.xcconfig"; sourceTree = "<group>"; };
		1130A42F1F8B7F98003A279C /* MenuController.swift */ = {isa = PBXFileReference; lastKnownFileType = sourcecode.swift; path = MenuController.swift; sourceTree = "<group>"; };
		115375BD1F852A7600ABF393 /* GoogleService-Info.plist */ = {isa = PBXFileReference; fileEncoding = 4; lastKnownFileType = text.plist.xml; name = "GoogleService-Info.plist"; path = "../../../../../Downloads/GoogleService-Info.plist"; sourceTree = "<group>"; };
		1164AD7A1F83EA57006D00DE /* test.app */ = {isa = PBXFileReference; explicitFileType = wrapper.application; includeInIndex = 0; path = test.app; sourceTree = BUILT_PRODUCTS_DIR; };
		1164AD7D1F83EA57006D00DE /* AppDelegate.swift */ = {isa = PBXFileReference; lastKnownFileType = sourcecode.swift; path = AppDelegate.swift; sourceTree = "<group>"; };
		1164AD7F1F83EA57006D00DE /* ViewController.swift */ = {isa = PBXFileReference; lastKnownFileType = sourcecode.swift; path = ViewController.swift; sourceTree = "<group>"; };
		1164AD821F83EA57006D00DE /* Base */ = {isa = PBXFileReference; lastKnownFileType = file.storyboard; name = Base; path = Base.lproj/Main.storyboard; sourceTree = "<group>"; };
		1164AD841F83EA57006D00DE /* Assets.xcassets */ = {isa = PBXFileReference; lastKnownFileType = folder.assetcatalog; path = Assets.xcassets; sourceTree = "<group>"; };
		1164AD871F83EA57006D00DE /* Base */ = {isa = PBXFileReference; lastKnownFileType = file.storyboard; name = Base; path = Base.lproj/LaunchScreen.storyboard; sourceTree = "<group>"; };
		1164AD891F83EA57006D00DE /* Info.plist */ = {isa = PBXFileReference; lastKnownFileType = text.plist.xml; path = Info.plist; sourceTree = "<group>"; };
		117E9BE11F912F2D00BFEF59 /* PasswordController.swift */ = {isa = PBXFileReference; lastKnownFileType = sourcecode.swift; path = PasswordController.swift; sourceTree = "<group>"; };
		11BE11A01F8CD46900006802 /* RegisterController.swift */ = {isa = PBXFileReference; lastKnownFileType = sourcecode.swift; path = RegisterController.swift; sourceTree = "<group>"; };
		238689B1C46E43A3137E3AFA /* Pods-test.release.xcconfig */ = {isa = PBXFileReference; includeInIndex = 1; lastKnownFileType = text.xcconfig; name = "Pods-test.release.xcconfig"; path = "Pods/Target Support Files/Pods-test/Pods-test.release.xcconfig"; sourceTree = "<group>"; };
		ACF55275C1AC252C770F322E /* Pods_test.framework */ = {isa = PBXFileReference; explicitFileType = wrapper.framework; includeInIndex = 0; path = Pods_test.framework; sourceTree = BUILT_PRODUCTS_DIR; };
/* End PBXFileReference section */

/* Begin PBXFrameworksBuildPhase section */
		1164AD771F83EA57006D00DE /* Frameworks */ = {
			isa = PBXFrameworksBuildPhase;
			buildActionMask = 2147483647;
			files = (
				74E52295D799A9D797E962B0 /* Pods_test.framework in Frameworks */,
			);
			runOnlyForDeploymentPostprocessing = 0;
		};
/* End PBXFrameworksBuildPhase section */

/* Begin PBXGroup section */
		08571B4553000EF3EA08D074 /* Frameworks */ = {
			isa = PBXGroup;
			children = (
				ACF55275C1AC252C770F322E /* Pods_test.framework */,
			);
			name = Frameworks;
			sourceTree = "<group>";
		};
		1164AD711F83EA57006D00DE = {
			isa = PBXGroup;
			children = (
				1164AD7C1F83EA57006D00DE /* test */,
				1164AD7B1F83EA57006D00DE /* Products */,
				578EC2AFF6CD1DBA52E83C0E /* Pods */,
				08571B4553000EF3EA08D074 /* Frameworks */,
			);
			sourceTree = "<group>";
		};
		1164AD7B1F83EA57006D00DE /* Products */ = {
			isa = PBXGroup;
			children = (
				1164AD7A1F83EA57006D00DE /* test.app */,
			);
			name = Products;
			sourceTree = "<group>";
		};
		1164AD7C1F83EA57006D00DE /* test */ = {
			isa = PBXGroup;
			children = (
				115375BD1F852A7600ABF393 /* GoogleService-Info.plist */,
				1164AD7D1F83EA57006D00DE /* AppDelegate.swift */,
				1164AD7F1F83EA57006D00DE /* ViewController.swift */,
				1130A42F1F8B7F98003A279C /* MenuController.swift */,
				11BE11A01F8CD46900006802 /* RegisterController.swift */,
				117E9BE11F912F2D00BFEF59 /* PasswordController.swift */,
				1164AD811F83EA57006D00DE /* Main.storyboard */,
				1164AD841F83EA57006D00DE /* Assets.xcassets */,
				1164AD861F83EA57006D00DE /* LaunchScreen.storyboard */,
				1164AD891F83EA57006D00DE /* Info.plist */,
			);
			path = test;
			sourceTree = "<group>";
		};
		578EC2AFF6CD1DBA52E83C0E /* Pods */ = {
			isa = PBXGroup;
			children = (
				0E8F9319A0AA262514C70812 /* Pods-test.debug.xcconfig */,
				238689B1C46E43A3137E3AFA /* Pods-test.release.xcconfig */,
			);
			name = Pods;
			sourceTree = "<group>";
		};
/* End PBXGroup section */

/* Begin PBXNativeTarget section */
		1164AD791F83EA57006D00DE /* test */ = {
			isa = PBXNativeTarget;
			buildConfigurationList = 1164AD8C1F83EA57006D00DE /* Build configuration list for PBXNativeTarget "test" */;
			buildPhases = (
				E07E7248DD748AA1A1523347 /* [CP] Check Pods Manifest.lock */,
				1164AD761F83EA57006D00DE /* Sources */,
				1164AD771F83EA57006D00DE /* Frameworks */,
				1164AD781F83EA57006D00DE /* Resources */,
				2BC38DE5D4037598018B0CE5 /* [CP] Embed Pods Frameworks */,
				651EA5F80DDF81A0E615C28A /* [CP] Copy Pods Resources */,
			);
			buildRules = (
			);
			dependencies = (
			);
			name = test;
			productName = test;
			productReference = 1164AD7A1F83EA57006D00DE /* test.app */;
			productType = "com.apple.product-type.application";
		};
/* End PBXNativeTarget section */

/* Begin PBXProject section */
		1164AD721F83EA57006D00DE /* Project object */ = {
			isa = PBXProject;
			attributes = {
				LastSwiftUpdateCheck = 0900;
				LastUpgradeCheck = 0900;
				ORGANIZATIONNAME = "Dominic Heaton";
				TargetAttributes = {
					1164AD791F83EA57006D00DE = {
						CreatedOnToolsVersion = 9.0;
						ProvisioningStyle = Automatic;
					};
				};
			};
			buildConfigurationList = 1164AD751F83EA57006D00DE /* Build configuration list for PBXProject "test" */;
			compatibilityVersion = "Xcode 8.0";
			developmentRegion = en;
			hasScannedForEncodings = 0;
			knownRegions = (
				en,
				Base,
			);
			mainGroup = 1164AD711F83EA57006D00DE;
			productRefGroup = 1164AD7B1F83EA57006D00DE /* Products */;
			projectDirPath = "";
			projectRoot = "";
			targets = (
				1164AD791F83EA57006D00DE /* test */,
			);
		};
/* End PBXProject section */

/* Begin PBXResourcesBuildPhase section */
		1164AD781F83EA57006D00DE /* Resources */ = {
			isa = PBXResourcesBuildPhase;
			buildActionMask = 2147483647;
			files = (
				1164AD881F83EA57006D00DE /* LaunchScreen.storyboard in Resources */,
				115375BE1F852A7600ABF393 /* GoogleService-Info.plist in Resources */,
				1164AD851F83EA57006D00DE /* Assets.xcassets in Resources */,
				1164AD831F83EA57006D00DE /* Main.storyboard in Resources */,
			);
			runOnlyForDeploymentPostprocessing = 0;
		};
/* End PBXResourcesBuildPhase section */

/* Begin PBXShellScriptBuildPhase section */
		2BC38DE5D4037598018B0CE5 /* [CP] Embed Pods Frameworks */ = {
			isa = PBXShellScriptBuildPhase;
			buildActionMask = 2147483647;
			files = (
			);
			inputPaths = (
				"${SRCROOT}/Pods/Target Support Files/Pods-test/Pods-test-frameworks.sh",
				"${BUILT_PRODUCTS_DIR}/GTMSessionFetcher/GTMSessionFetcher.framework",
				"${BUILT_PRODUCTS_DIR}/GoogleToolboxForMac/GoogleToolboxForMac.framework",
				"${BUILT_PRODUCTS_DIR}/leveldb-library/leveldb.framework",
				"${BUILT_PRODUCTS_DIR}/nanopb/nanopb.framework",
			);
			name = "[CP] Embed Pods Frameworks";
			outputPaths = (
				"${TARGET_BUILD_DIR}/${FRAMEWORKS_FOLDER_PATH}/GTMSessionFetcher.framework",
				"${TARGET_BUILD_DIR}/${FRAMEWORKS_FOLDER_PATH}/GoogleToolboxForMac.framework",
				"${TARGET_BUILD_DIR}/${FRAMEWORKS_FOLDER_PATH}/leveldb.framework",
				"${TARGET_BUILD_DIR}/${FRAMEWORKS_FOLDER_PATH}/nanopb.framework",
			);
			runOnlyForDeploymentPostprocessing = 0;
			shellPath = /bin/sh;
			shellScript = "\"${SRCROOT}/Pods/Target Support Files/Pods-test/Pods-test-frameworks.sh\"\n";
			showEnvVarsInLog = 0;
		};
		651EA5F80DDF81A0E615C28A /* [CP] Copy Pods Resources */ = {
			isa = PBXShellScriptBuildPhase;
			buildActionMask = 2147483647;
			files = (
			);
			inputPaths = (
			);
			name = "[CP] Copy Pods Resources";
			outputPaths = (
			);
			runOnlyForDeploymentPostprocessing = 0;
			shellPath = /bin/sh;
			shellScript = "\"${SRCROOT}/Pods/Target Support Files/Pods-test/Pods-test-resources.sh\"\n";
			showEnvVarsInLog = 0;
		};
		E07E7248DD748AA1A1523347 /* [CP] Check Pods Manifest.lock */ = {
			isa = PBXShellScriptBuildPhase;
			buildActionMask = 2147483647;
			files = (
			);
			inputPaths = (
				"${PODS_PODFILE_DIR_PATH}/Podfile.lock",
				"${PODS_ROOT}/Manifest.lock",
			);
			name = "[CP] Check Pods Manifest.lock";
			outputPaths = (
				"$(DERIVED_FILE_DIR)/Pods-test-checkManifestLockResult.txt",
			);
			runOnlyForDeploymentPostprocessing = 0;
			shellPath = /bin/sh;
			shellScript = "diff \"${PODS_PODFILE_DIR_PATH}/Podfile.lock\" \"${PODS_ROOT}/Manifest.lock\" > /dev/null\nif [ $? != 0 ] ; then\n    # print error to STDERR\n    echo \"error: The sandbox is not in sync with the Podfile.lock. Run 'pod install' or update your CocoaPods installation.\" >&2\n    exit 1\nfi\n# This output is used by Xcode 'outputs' to avoid re-running this script phase.\necho \"SUCCESS\" > \"${SCRIPT_OUTPUT_FILE_0}\"\n";
			showEnvVarsInLog = 0;
		};
/* End PBXShellScriptBuildPhase section */

/* Begin PBXSourcesBuildPhase section */
		1164AD761F83EA57006D00DE /* Sources */ = {
			isa = PBXSourcesBuildPhase;
			buildActionMask = 2147483647;
			files = (
				11BE11A11F8CD46900006802 /* RegisterController.swift in Sources */,
				1164AD801F83EA57006D00DE /* ViewController.swift in Sources */,
				117E9BE21F912F2D00BFEF59 /* PasswordController.swift in Sources */,
				1130A4301F8B7F98003A279C /* MenuController.swift in Sources */,
				1164AD7E1F83EA57006D00DE /* AppDelegate.swift in Sources */,
			);
			runOnlyForDeploymentPostprocessing = 0;
		};
/* End PBXSourcesBuildPhase section */

/* Begin PBXVariantGroup section */
		1164AD811F83EA57006D00DE /* Main.storyboard */ = {
			isa = PBXVariantGroup;
			children = (
				1164AD821F83EA57006D00DE /* Base */,
			);
			name = Main.storyboard;
			sourceTree = "<group>";
		};
		1164AD861F83EA57006D00DE /* LaunchScreen.storyboard */ = {
			isa = PBXVariantGroup;
			children = (
				1164AD871F83EA57006D00DE /* Base */,
			);
			name = LaunchScreen.storyboard;
			sourceTree = "<group>";
		};
/* End PBXVariantGroup section */

/* Begin XCBuildConfiguration section */
		1164AD8A1F83EA57006D00DE /* Debug */ = {
			isa = XCBuildConfiguration;
			buildSettings = {
				ALWAYS_SEARCH_USER_PATHS = NO;
				CLANG_ANALYZER_NONNULL = YES;
				CLANG_ANALYZER_NUMBER_OBJECT_CONVERSION = YES_AGGRESSIVE;
				CLANG_CXX_LANGUAGE_STANDARD = "gnu++14";
				CLANG_CXX_LIBRARY = "libc++";
				CLANG_ENABLE_MODULES = YES;
				CLANG_ENABLE_OBJC_ARC = YES;
				CLANG_WARN_BLOCK_CAPTURE_AUTORELEASING = YES;
				CLANG_WARN_BOOL_CONVERSION = YES;
				CLANG_WARN_COMMA = YES;
				CLANG_WARN_CONSTANT_CONVERSION = YES;
				CLANG_WARN_DIRECT_OBJC_ISA_USAGE = YES_ERROR;
				CLANG_WARN_DOCUMENTATION_COMMENTS = YES;
				CLANG_WARN_EMPTY_BODY = YES;
				CLANG_WARN_ENUM_CONVERSION = YES;
				CLANG_WARN_INFINITE_RECURSION = YES;
				CLANG_WARN_INT_CONVERSION = YES;
				CLANG_WARN_NON_LITERAL_NULL_CONVERSION = YES;
				CLANG_WARN_OBJC_LITERAL_CONVERSION = YES;
				CLANG_WARN_OBJC_ROOT_CLASS = YES_ERROR;
				CLANG_WARN_RANGE_LOOP_ANALYSIS = YES;
				CLANG_WARN_STRICT_PROTOTYPES = YES;
				CLANG_WARN_SUSPICIOUS_MOVE = YES;
				CLANG_WARN_UNGUARDED_AVAILABILITY = YES_AGGRESSIVE;
				CLANG_WARN_UNREACHABLE_CODE = YES;
				CLANG_WARN__DUPLICATE_METHOD_MATCH = YES;
				CODE_SIGN_IDENTITY = "iPhone Developer";
				COPY_PHASE_STRIP = NO;
				DEBUG_INFORMATION_FORMAT = dwarf;
				ENABLE_STRICT_OBJC_MSGSEND = YES;
				ENABLE_TESTABILITY = YES;
				GCC_C_LANGUAGE_STANDARD = gnu11;
				GCC_DYNAMIC_NO_PIC = NO;
				GCC_NO_COMMON_BLOCKS = YES;
				GCC_OPTIMIZATION_LEVEL = 0;
				GCC_PREPROCESSOR_DEFINITIONS = (
					"DEBUG=1",
					"$(inherited)",
				);
				GCC_WARN_64_TO_32_BIT_CONVERSION = YES;
				GCC_WARN_ABOUT_RETURN_TYPE = YES_ERROR;
				GCC_WARN_UNDECLARED_SELECTOR = YES;
				GCC_WARN_UNINITIALIZED_AUTOS = YES_AGGRESSIVE;
				GCC_WARN_UNUSED_FUNCTION = YES;
				GCC_WARN_UNUSED_VARIABLE = YES;
				IPHONEOS_DEPLOYMENT_TARGET = 11.0;
				MTL_ENABLE_DEBUG_INFO = YES;
				ONLY_ACTIVE_ARCH = YES;
				SDKROOT = iphoneos;
				SWIFT_ACTIVE_COMPILATION_CONDITIONS = DEBUG;
				SWIFT_OPTIMIZATION_LEVEL = "-Onone";
			};
			name = Debug;
		};
		1164AD8B1F83EA57006D00DE /* Release */ = {
			isa = XCBuildConfiguration;
			buildSettings = {
				ALWAYS_SEARCH_USER_PATHS = NO;
				CLANG_ANALYZER_NONNULL = YES;
				CLANG_ANALYZER_NUMBER_OBJECT_CONVERSION = YES_AGGRESSIVE;
				CLANG_CXX_LANGUAGE_STANDARD = "gnu++14";
				CLANG_CXX_LIBRARY = "libc++";
				CLANG_ENABLE_MODULES = YES;
				CLANG_ENABLE_OBJC_ARC = YES;
				CLANG_WARN_BLOCK_CAPTURE_AUTORELEASING = YES;
				CLANG_WARN_BOOL_CONVERSION = YES;
				CLANG_WARN_COMMA = YES;
				CLANG_WARN_CONSTANT_CONVERSION = YES;
				CLANG_WARN_DIRECT_OBJC_ISA_USAGE = YES_ERROR;
				CLANG_WARN_DOCUMENTATION_COMMENTS = YES;
				CLANG_WARN_EMPTY_BODY = YES;
				CLANG_WARN_ENUM_CONVERSION = YES;
				CLANG_WARN_INFINITE_RECURSION = YES;
				CLANG_WARN_INT_CONVERSION = YES;
				CLANG_WARN_NON_LITERAL_NULL_CONVERSION = YES;
				CLANG_WARN_OBJC_LITERAL_CONVERSION = YES;
				CLANG_WARN_OBJC_ROOT_CLASS = YES_ERROR;
				CLANG_WARN_RANGE_LOOP_ANALYSIS = YES;
				CLANG_WARN_STRICT_PROTOTYPES = YES;
				CLANG_WARN_SUSPICIOUS_MOVE = YES;
				CLANG_WARN_UNGUARDED_AVAILABILITY = YES_AGGRESSIVE;
				CLANG_WARN_UNREACHABLE_CODE = YES;
				CLANG_WARN__DUPLICATE_METHOD_MATCH = YES;
				CODE_SIGN_IDENTITY = "iPhone Developer";
				COPY_PHASE_STRIP = NO;
				DEBUG_INFORMATION_FORMAT = "dwarf-with-dsym";
				ENABLE_NS_ASSERTIONS = NO;
				ENABLE_STRICT_OBJC_MSGSEND = YES;
				GCC_C_LANGUAGE_STANDARD = gnu11;
				GCC_NO_COMMON_BLOCKS = YES;
				GCC_WARN_64_TO_32_BIT_CONVERSION = YES;
				GCC_WARN_ABOUT_RETURN_TYPE = YES_ERROR;
				GCC_WARN_UNDECLARED_SELECTOR = YES;
				GCC_WARN_UNINITIALIZED_AUTOS = YES_AGGRESSIVE;
				GCC_WARN_UNUSED_FUNCTION = YES;
				GCC_WARN_UNUSED_VARIABLE = YES;
				IPHONEOS_DEPLOYMENT_TARGET = 11.0;
				MTL_ENABLE_DEBUG_INFO = NO;
				SDKROOT = iphoneos;
				SWIFT_OPTIMIZATION_LEVEL = "-Owholemodule";
				VALIDATE_PRODUCT = YES;
			};
			name = Release;
		};
		1164AD8D1F83EA57006D00DE /* Debug */ = {
			isa = XCBuildConfiguration;
			baseConfigurationReference = 0E8F9319A0AA262514C70812 /* Pods-test.debug.xcconfig */;
			buildSettings = {
				ASSETCATALOG_COMPILER_APPICON_NAME = AppIcon;
				CODE_SIGN_STYLE = Automatic;
				DEVELOPMENT_TEAM = KM3PH4CHZS;
				INFOPLIST_FILE = test/Info.plist;
				LD_RUNPATH_SEARCH_PATHS = "$(inherited) @executable_path/Frameworks";
				PRODUCT_BUNDLE_IDENTIFIER = com.dhh1g15.test;
				PRODUCT_NAME = "$(TARGET_NAME)";
				SWIFT_VERSION = 4.0;
				TARGETED_DEVICE_FAMILY = "1,2";
			};
			name = Debug;
		};
		1164AD8E1F83EA57006D00DE /* Release */ = {
			isa = XCBuildConfiguration;
			baseConfigurationReference = 238689B1C46E43A3137E3AFA /* Pods-test.release.xcconfig */;
			buildSettings = {
				ASSETCATALOG_COMPILER_APPICON_NAME = AppIcon;
				CODE_SIGN_STYLE = Automatic;
				DEVELOPMENT_TEAM = KM3PH4CHZS;
				INFOPLIST_FILE = test/Info.plist;
				LD_RUNPATH_SEARCH_PATHS = "$(inherited) @executable_path/Frameworks";
				PRODUCT_BUNDLE_IDENTIFIER = com.dhh1g15.test;
				PRODUCT_NAME = "$(TARGET_NAME)";
				SWIFT_VERSION = 4.0;
				TARGETED_DEVICE_FAMILY = "1,2";
			};
			name = Release;
		};
/* End XCBuildConfiguration section */

/* Begin XCConfigurationList section */
		1164AD751F83EA57006D00DE /* Build configuration list for PBXProject "test" */ = {
			isa = XCConfigurationList;
			buildConfigurations = (
				1164AD8A1F83EA57006D00DE /* Debug */,
				1164AD8B1F83EA57006D00DE /* Release */,
			);
			defaultConfigurationIsVisible = 0;
			defaultConfigurationName = Release;
		};
		1164AD8C1F83EA57006D00DE /* Build configuration list for PBXNativeTarget "test" */ = {
			isa = XCConfigurationList;
			buildConfigurations = (
				1164AD8D1F83EA57006D00DE /* Debug */,
				1164AD8E1F83EA57006D00DE /* Release */,
			);
			defaultConfigurationIsVisible = 0;
			defaultConfigurationName = Release;
		};
/* End XCConfigurationList section */
	};
	rootObject = 1164AD721F83EA57006D00DE /* Project object */;
}
